// !$*UTF8*$!
{
	archiveVersion = 1;
	classes = {
	};
	objectVersion = 50;
	objects = {

/* Begin PBXBuildFile section */
		5C6EAD2122CA7F8A00F5785C /* Weather.swift in Sources */ = {isa = PBXBuildFile; fileRef = 5C6EAD2022CA7F8A00F5785C /* Weather.swift */; };
		5C6EAD2322CA7FD800F5785C /* HourlyWeather.swift in Sources */ = {isa = PBXBuildFile; fileRef = 5C6EAD2222CA7FD800F5785C /* HourlyWeather.swift */; };
		5C6EAD2522CA7FE400F5785C /* DailyWeather.swift in Sources */ = {isa = PBXBuildFile; fileRef = 5C6EAD2422CA7FE400F5785C /* DailyWeather.swift */; };
		5C6EAD2722CA834500F5785C /* WeatherExtensions.swift in Sources */ = {isa = PBXBuildFile; fileRef = 5C6EAD2622CA834500F5785C /* WeatherExtensions.swift */; };
		5C6EAD2D22CA878100F5785C /* WeatherManager.swift in Sources */ = {isa = PBXBuildFile; fileRef = 5C6EAD2C22CA878100F5785C /* WeatherManager.swift */; };
		5C6EAD3122CA88D600F5785C /* City.swift in Sources */ = {isa = PBXBuildFile; fileRef = 5C6EAD3022CA88D600F5785C /* City.swift */; };
		5C6EAD3322CA8C0B00F5785C /* CityStore.swift in Sources */ = {isa = PBXBuildFile; fileRef = 5C6EAD3222CA8C0B00F5785C /* CityStore.swift */; };
		5CDFB32322CA7D0600AA6496 /* AppDelegate.swift in Sources */ = {isa = PBXBuildFile; fileRef = 5CDFB32222CA7D0600AA6496 /* AppDelegate.swift */; };
		5CDFB32522CA7D0600AA6496 /* SceneDelegate.swift in Sources */ = {isa = PBXBuildFile; fileRef = 5CDFB32422CA7D0600AA6496 /* SceneDelegate.swift */; };
		5CDFB32822CA7D0600AA6496 /* Weather.xcdatamodeld in Sources */ = {isa = PBXBuildFile; fileRef = 5CDFB32622CA7D0600AA6496 /* Weather.xcdatamodeld */; };
		5CDFB32A22CA7D0600AA6496 /* ContentView.swift in Sources */ = {isa = PBXBuildFile; fileRef = 5CDFB32922CA7D0600AA6496 /* ContentView.swift */; };
		5CDFB32C22CA7D0900AA6496 /* Assets.xcassets in Resources */ = {isa = PBXBuildFile; fileRef = 5CDFB32B22CA7D0900AA6496 /* Assets.xcassets */; };
		5CDFB32F22CA7D0900AA6496 /* Preview Assets.xcassets in Resources */ = {isa = PBXBuildFile; fileRef = 5CDFB32E22CA7D0900AA6496 /* Preview Assets.xcassets */; };
		5CDFB33222CA7D0900AA6496 /* LaunchScreen.storyboard in Resources */ = {isa = PBXBuildFile; fileRef = 5CDFB33022CA7D0900AA6496 /* LaunchScreen.storyboard */; };
/* End PBXBuildFile section */

/* Begin PBXFileReference section */
		5C6EAD2022CA7F8A00F5785C /* Weather.swift */ = {isa = PBXFileReference; lastKnownFileType = sourcecode.swift; path = Weather.swift; sourceTree = "<group>"; };
		5C6EAD2222CA7FD800F5785C /* HourlyWeather.swift */ = {isa = PBXFileReference; lastKnownFileType = sourcecode.swift; path = HourlyWeather.swift; sourceTree = "<group>"; };
		5C6EAD2422CA7FE400F5785C /* DailyWeather.swift */ = {isa = PBXFileReference; lastKnownFileType = sourcecode.swift; path = DailyWeather.swift; sourceTree = "<group>"; };
		5C6EAD2622CA834500F5785C /* WeatherExtensions.swift */ = {isa = PBXFileReference; lastKnownFileType = sourcecode.swift; path = WeatherExtensions.swift; sourceTree = "<group>"; };
		5C6EAD2C22CA878100F5785C /* WeatherManager.swift */ = {isa = PBXFileReference; lastKnownFileType = sourcecode.swift; path = WeatherManager.swift; sourceTree = "<group>"; };
		5C6EAD3022CA88D600F5785C /* City.swift */ = {isa = PBXFileReference; lastKnownFileType = sourcecode.swift; path = City.swift; sourceTree = "<group>"; };
		5C6EAD3222CA8C0B00F5785C /* CityStore.swift */ = {isa = PBXFileReference; lastKnownFileType = sourcecode.swift; path = CityStore.swift; sourceTree = "<group>"; };
		5CDFB31F22CA7D0600AA6496 /* Weather.app */ = {isa = PBXFileReference; explicitFileType = wrapper.application; includeInIndex = 0; path = Weather.app; sourceTree = BUILT_PRODUCTS_DIR; };
		5CDFB32222CA7D0600AA6496 /* AppDelegate.swift */ = {isa = PBXFileReference; lastKnownFileType = sourcecode.swift; path = AppDelegate.swift; sourceTree = "<group>"; };
		5CDFB32422CA7D0600AA6496 /* SceneDelegate.swift */ = {isa = PBXFileReference; lastKnownFileType = sourcecode.swift; path = SceneDelegate.swift; sourceTree = "<group>"; };
		5CDFB32722CA7D0600AA6496 /* Weather.xcdatamodel */ = {isa = PBXFileReference; lastKnownFileType = wrapper.xcdatamodel; path = Weather.xcdatamodel; sourceTree = "<group>"; };
		5CDFB32922CA7D0600AA6496 /* ContentView.swift */ = {isa = PBXFileReference; lastKnownFileType = sourcecode.swift; path = ContentView.swift; sourceTree = "<group>"; };
		5CDFB32B22CA7D0900AA6496 /* Assets.xcassets */ = {isa = PBXFileReference; lastKnownFileType = folder.assetcatalog; path = Assets.xcassets; sourceTree = "<group>"; };
		5CDFB32E22CA7D0900AA6496 /* Preview Assets.xcassets */ = {isa = PBXFileReference; lastKnownFileType = folder.assetcatalog; path = "Preview Assets.xcassets"; sourceTree = "<group>"; };
		5CDFB33122CA7D0900AA6496 /* Base */ = {isa = PBXFileReference; lastKnownFileType = file.storyboard; name = Base; path = Base.lproj/LaunchScreen.storyboard; sourceTree = "<group>"; };
		5CDFB33322CA7D0900AA6496 /* Info.plist */ = {isa = PBXFileReference; lastKnownFileType = text.plist.xml; path = Info.plist; sourceTree = "<group>"; };
/* End PBXFileReference section */

/* Begin PBXFrameworksBuildPhase section */
		5CDFB31C22CA7D0600AA6496 /* Frameworks */ = {
			isa = PBXFrameworksBuildPhase;
			buildActionMask = 2147483647;
			files = (
			);
			runOnlyForDeploymentPostprocessing = 0;
		};
/* End PBXFrameworksBuildPhase section */

/* Begin PBXGroup section */
		5C6EAD1F22CA7F7000F5785C /* Model */ = {
			isa = PBXGroup;
			children = (
				5C6EAD2F22CA88B600F5785C /* City */,
				5C6EAD2E22CA88AB00F5785C /* Weather */,
			);
			path = Model;
			sourceTree = "<group>";
		};
		5C6EAD2822CA84C000F5785C /* App */ = {
			isa = PBXGroup;
			children = (
				5CDFB32222CA7D0600AA6496 /* AppDelegate.swift */,
				5CDFB32422CA7D0600AA6496 /* SceneDelegate.swift */,
			);
			path = App;
			sourceTree = "<group>";
		};
		5C6EAD2A22CA84D500F5785C /* Resources */ = {
			isa = PBXGroup;
			children = (
				5CDFB32D22CA7D0900AA6496 /* Preview Content */,
				5CDFB32B22CA7D0900AA6496 /* Assets.xcassets */,
				5CDFB33022CA7D0900AA6496 /* LaunchScreen.storyboard */,
				5CDFB33322CA7D0900AA6496 /* Info.plist */,
				5CDFB32622CA7D0600AA6496 /* Weather.xcdatamodeld */,
			);
			path = Resources;
			sourceTree = "<group>";
		};
		5C6EAD2B22CA871E00F5785C /* Utils */ = {
			isa = PBXGroup;
			children = (
				5C6EAD2C22CA878100F5785C /* WeatherManager.swift */,
			);
			path = Utils;
			sourceTree = "<group>";
		};
		5C6EAD2E22CA88AB00F5785C /* Weather */ = {
			isa = PBXGroup;
			children = (
				5C6EAD2022CA7F8A00F5785C /* Weather.swift */,
				5C6EAD2222CA7FD800F5785C /* HourlyWeather.swift */,
				5C6EAD2422CA7FE400F5785C /* DailyWeather.swift */,
				5C6EAD2622CA834500F5785C /* WeatherExtensions.swift */,
			);
			path = Weather;
			sourceTree = "<group>";
		};
		5C6EAD2F22CA88B600F5785C /* City */ = {
			isa = PBXGroup;
			children = (
				5C6EAD3022CA88D600F5785C /* City.swift */,
				5C6EAD3222CA8C0B00F5785C /* CityStore.swift */,
			);
			path = City;
			sourceTree = "<group>";
		};
		5CDFB31622CA7D0600AA6496 = {
			isa = PBXGroup;
			children = (
				5CDFB32122CA7D0600AA6496 /* Weather */,
				5CDFB32022CA7D0600AA6496 /* Products */,
			);
			sourceTree = "<group>";
		};
		5CDFB32022CA7D0600AA6496 /* Products */ = {
			isa = PBXGroup;
			children = (
				5CDFB31F22CA7D0600AA6496 /* Weather.app */,
			);
			name = Products;
			sourceTree = "<group>";
		};
		5CDFB32122CA7D0600AA6496 /* Weather */ = {
			isa = PBXGroup;
			children = (
				5C6EAD2822CA84C000F5785C /* App */,
				5C6EAD1F22CA7F7000F5785C /* Model */,
				5C6EAD2B22CA871E00F5785C /* Utils */,
				5C6EAD2A22CA84D500F5785C /* Resources */,
				5CDFB32922CA7D0600AA6496 /* ContentView.swift */,
			);
			path = Weather;
			sourceTree = "<group>";
		};
		5CDFB32D22CA7D0900AA6496 /* Preview Content */ = {
			isa = PBXGroup;
			children = (
				5CDFB32E22CA7D0900AA6496 /* Preview Assets.xcassets */,
			);
			path = "Preview Content";
			sourceTree = "<group>";
		};
/* End PBXGroup section */

/* Begin PBXNativeTarget section */
		5CDFB31E22CA7D0600AA6496 /* Weather */ = {
			isa = PBXNativeTarget;
			buildConfigurationList = 5CDFB33622CA7D0900AA6496 /* Build configuration list for PBXNativeTarget "Weather" */;
			buildPhases = (
				5CDFB31B22CA7D0600AA6496 /* Sources */,
				5CDFB31C22CA7D0600AA6496 /* Frameworks */,
				5CDFB31D22CA7D0600AA6496 /* Resources */,
			);
			buildRules = (
			);
			dependencies = (
			);
			name = Weather;
			productName = Weather;
			productReference = 5CDFB31F22CA7D0600AA6496 /* Weather.app */;
			productType = "com.apple.product-type.application";
		};
/* End PBXNativeTarget section */

/* Begin PBXProject section */
		5CDFB31722CA7D0600AA6496 /* Project object */ = {
			isa = PBXProject;
			attributes = {
				LastSwiftUpdateCheck = 1100;
				LastUpgradeCheck = 1100;
				ORGANIZATIONNAME = "Mustafa Ozhan";
				TargetAttributes = {
					5CDFB31E22CA7D0600AA6496 = {
						CreatedOnToolsVersion = 11.0;
					};
				};
			};
			buildConfigurationList = 5CDFB31A22CA7D0600AA6496 /* Build configuration list for PBXProject "Weather" */;
			compatibilityVersion = "Xcode 9.3";
			developmentRegion = en;
			hasScannedForEncodings = 0;
			knownRegions = (
				en,
				Base,
			);
			mainGroup = 5CDFB31622CA7D0600AA6496;
			productRefGroup = 5CDFB32022CA7D0600AA6496 /* Products */;
			projectDirPath = "";
			projectRoot = "";
			targets = (
				5CDFB31E22CA7D0600AA6496 /* Weather */,
			);
		};
/* End PBXProject section */

/* Begin PBXResourcesBuildPhase section */
		5CDFB31D22CA7D0600AA6496 /* Resources */ = {
			isa = PBXResourcesBuildPhase;
			buildActionMask = 2147483647;
			files = (
				5CDFB33222CA7D0900AA6496 /* LaunchScreen.storyboard in Resources */,
				5CDFB32F22CA7D0900AA6496 /* Preview Assets.xcassets in Resources */,
				5CDFB32C22CA7D0900AA6496 /* Assets.xcassets in Resources */,
			);
			runOnlyForDeploymentPostprocessing = 0;
		};
/* End PBXResourcesBuildPhase section */

/* Begin PBXSourcesBuildPhase section */
		5CDFB31B22CA7D0600AA6496 /* Sources */ = {
			isa = PBXSourcesBuildPhase;
			buildActionMask = 2147483647;
			files = (
				5CDFB32822CA7D0600AA6496 /* Weather.xcdatamodeld in Sources */,
				5C6EAD2522CA7FE400F5785C /* DailyWeather.swift in Sources */,
				5C6EAD2722CA834500F5785C /* WeatherExtensions.swift in Sources */,
				5C6EAD3322CA8C0B00F5785C /* CityStore.swift in Sources */,
				5CDFB32322CA7D0600AA6496 /* AppDelegate.swift in Sources */,
				5CDFB32A22CA7D0600AA6496 /* ContentView.swift in Sources */,
				5C6EAD2322CA7FD800F5785C /* HourlyWeather.swift in Sources */,
				5C6EAD3122CA88D600F5785C /* City.swift in Sources */,
				5C6EAD2D22CA878100F5785C /* WeatherManager.swift in Sources */,
				5CDFB32522CA7D0600AA6496 /* SceneDelegate.swift in Sources */,
				5C6EAD2122CA7F8A00F5785C /* Weather.swift in Sources */,
			);
			runOnlyForDeploymentPostprocessing = 0;
		};
/* End PBXSourcesBuildPhase section */

/* Begin PBXVariantGroup section */
		5CDFB33022CA7D0900AA6496 /* LaunchScreen.storyboard */ = {
			isa = PBXVariantGroup;
			children = (
				5CDFB33122CA7D0900AA6496 /* Base */,
			);
			name = LaunchScreen.storyboard;
			sourceTree = "<group>";
		};
/* End PBXVariantGroup section */

/* Begin XCBuildConfiguration section */
		5CDFB33422CA7D0900AA6496 /* Debug */ = {
			isa = XCBuildConfiguration;
			buildSettings = {
				ALWAYS_SEARCH_USER_PATHS = NO;
				CLANG_ANALYZER_NONNULL = YES;
				CLANG_ANALYZER_NUMBER_OBJECT_CONVERSION = YES_AGGRESSIVE;
				CLANG_CXX_LANGUAGE_STANDARD = "gnu++14";
				CLANG_CXX_LIBRARY = "libc++";
				CLANG_ENABLE_MODULES = YES;
				CLANG_ENABLE_OBJC_ARC = YES;
				CLANG_ENABLE_OBJC_WEAK = YES;
				CLANG_WARN_BLOCK_CAPTURE_AUTORELEASING = YES;
				CLANG_WARN_BOOL_CONVERSION = YES;
				CLANG_WARN_COMMA = YES;
				CLANG_WARN_CONSTANT_CONVERSION = YES;
				CLANG_WARN_DEPRECATED_OBJC_IMPLEMENTATIONS = YES;
				CLANG_WARN_DIRECT_OBJC_ISA_USAGE = YES_ERROR;
				CLANG_WARN_DOCUMENTATION_COMMENTS = YES;
				CLANG_WARN_EMPTY_BODY = YES;
				CLANG_WARN_ENUM_CONVERSION = YES;
				CLANG_WARN_INFINITE_RECURSION = YES;
				CLANG_WARN_INT_CONVERSION = YES;
				CLANG_WARN_NON_LITERAL_NULL_CONVERSION = YES;
				CLANG_WARN_OBJC_IMPLICIT_RETAIN_SELF = YES;
				CLANG_WARN_OBJC_LITERAL_CONVERSION = YES;
				CLANG_WARN_OBJC_ROOT_CLASS = YES_ERROR;
				CLANG_WARN_RANGE_LOOP_ANALYSIS = YES;
				CLANG_WARN_STRICT_PROTOTYPES = YES;
				CLANG_WARN_SUSPICIOUS_MOVE = YES;
				CLANG_WARN_UNGUARDED_AVAILABILITY = YES_AGGRESSIVE;
				CLANG_WARN_UNREACHABLE_CODE = YES;
				CLANG_WARN__DUPLICATE_METHOD_MATCH = YES;
				COPY_PHASE_STRIP = NO;
				DEBUG_INFORMATION_FORMAT = dwarf;
				ENABLE_STRICT_OBJC_MSGSEND = YES;
				ENABLE_TESTABILITY = YES;
				GCC_C_LANGUAGE_STANDARD = gnu11;
				GCC_DYNAMIC_NO_PIC = NO;
				GCC_NO_COMMON_BLOCKS = YES;
				GCC_OPTIMIZATION_LEVEL = 0;
				GCC_PREPROCESSOR_DEFINITIONS = (
					"DEBUG=1",
					"$(inherited)",
				);
				GCC_WARN_64_TO_32_BIT_CONVERSION = YES;
				GCC_WARN_ABOUT_RETURN_TYPE = YES_ERROR;
				GCC_WARN_UNDECLARED_SELECTOR = YES;
				GCC_WARN_UNINITIALIZED_AUTOS = YES_AGGRESSIVE;
				GCC_WARN_UNUSED_FUNCTION = YES;
				GCC_WARN_UNUSED_VARIABLE = YES;
				IPHONEOS_DEPLOYMENT_TARGET = 13.0;
				MTL_ENABLE_DEBUG_INFO = INCLUDE_SOURCE;
				MTL_FAST_MATH = YES;
				ONLY_ACTIVE_ARCH = YES;
				SDKROOT = iphoneos;
				SWIFT_ACTIVE_COMPILATION_CONDITIONS = DEBUG;
				SWIFT_OPTIMIZATION_LEVEL = "-Onone";
			};
			name = Debug;
		};
		5CDFB33522CA7D0900AA6496 /* Release */ = {
			isa = XCBuildConfiguration;
			buildSettings = {
				ALWAYS_SEARCH_USER_PATHS = NO;
				CLANG_ANALYZER_NONNULL = YES;
				CLANG_ANALYZER_NUMBER_OBJECT_CONVERSION = YES_AGGRESSIVE;
				CLANG_CXX_LANGUAGE_STANDARD = "gnu++14";
				CLANG_CXX_LIBRARY = "libc++";
				CLANG_ENABLE_MODULES = YES;
				CLANG_ENABLE_OBJC_ARC = YES;
				CLANG_ENABLE_OBJC_WEAK = YES;
				CLANG_WARN_BLOCK_CAPTURE_AUTORELEASING = YES;
				CLANG_WARN_BOOL_CONVERSION = YES;
				CLANG_WARN_COMMA = YES;
				CLANG_WARN_CONSTANT_CONVERSION = YES;
				CLANG_WARN_DEPRECATED_OBJC_IMPLEMENTATIONS = YES;
				CLANG_WARN_DIRECT_OBJC_ISA_USAGE = YES_ERROR;
				CLANG_WARN_DOCUMENTATION_COMMENTS = YES;
				CLANG_WARN_EMPTY_BODY = YES;
				CLANG_WARN_ENUM_CONVERSION = YES;
				CLANG_WARN_INFINITE_RECURSION = YES;
				CLANG_WARN_INT_CONVERSION = YES;
				CLANG_WARN_NON_LITERAL_NULL_CONVERSION = YES;
				CLANG_WARN_OBJC_IMPLICIT_RETAIN_SELF = YES;
				CLANG_WARN_OBJC_LITERAL_CONVERSION = YES;
				CLANG_WARN_OBJC_ROOT_CLASS = YES_ERROR;
				CLANG_WARN_RANGE_LOOP_ANALYSIS = YES;
				CLANG_WARN_STRICT_PROTOTYPES = YES;
				CLANG_WARN_SUSPICIOUS_MOVE = YES;
				CLANG_WARN_UNGUARDED_AVAILABILITY = YES_AGGRESSIVE;
				CLANG_WARN_UNREACHABLE_CODE = YES;
				CLANG_WARN__DUPLICATE_METHOD_MATCH = YES;
				COPY_PHASE_STRIP = NO;
				DEBUG_INFORMATION_FORMAT = "dwarf-with-dsym";
				ENABLE_NS_ASSERTIONS = NO;
				ENABLE_STRICT_OBJC_MSGSEND = YES;
				GCC_C_LANGUAGE_STANDARD = gnu11;
				GCC_NO_COMMON_BLOCKS = YES;
				GCC_WARN_64_TO_32_BIT_CONVERSION = YES;
				GCC_WARN_ABOUT_RETURN_TYPE = YES_ERROR;
				GCC_WARN_UNDECLARED_SELECTOR = YES;
				GCC_WARN_UNINITIALIZED_AUTOS = YES_AGGRESSIVE;
				GCC_WARN_UNUSED_FUNCTION = YES;
				GCC_WARN_UNUSED_VARIABLE = YES;
				IPHONEOS_DEPLOYMENT_TARGET = 13.0;
				MTL_ENABLE_DEBUG_INFO = NO;
				MTL_FAST_MATH = YES;
				SDKROOT = iphoneos;
				SWIFT_COMPILATION_MODE = wholemodule;
				SWIFT_OPTIMIZATION_LEVEL = "-O";
				VALIDATE_PRODUCT = YES;
			};
			name = Release;
		};
		5CDFB33722CA7D0900AA6496 /* Debug */ = {
			isa = XCBuildConfiguration;
			buildSettings = {
				ASSETCATALOG_COMPILER_APPICON_NAME = AppIcon;
				CODE_SIGN_STYLE = Automatic;
				DEVELOPMENT_ASSET_PATHS = "Weather/Resources/Preview\\ Content";
				DEVELOPMENT_TEAM = 8MTR5SHZFD;
				ENABLE_PREVIEWS = YES;
				INFOPLIST_FILE = Weather/Resources/Info.plist;
				LD_RUNPATH_SEARCH_PATHS = (
					"$(inherited)",
					"@executable_path/Frameworks",
				);
				PRODUCT_BUNDLE_IDENTIFIER = com.github.mustafaozhan.Weather;
				PRODUCT_NAME = "$(TARGET_NAME)";
				SWIFT_VERSION = 5.0;
				TARGETED_DEVICE_FAMILY = "1,2";
			};
			name = Debug;
		};
		5CDFB33822CA7D0900AA6496 /* Release */ = {
			isa = XCBuildConfiguration;
			buildSettings = {
				ASSETCATALOG_COMPILER_APPICON_NAME = AppIcon;
				CODE_SIGN_STYLE = Automatic;
				DEVELOPMENT_ASSET_PATHS = "Weather/Resources/Preview\\ Content";
				DEVELOPMENT_TEAM = 8MTR5SHZFD;
				ENABLE_PREVIEWS = YES;
				INFOPLIST_FILE = Weather/Resources/Info.plist;
				LD_RUNPATH_SEARCH_PATHS = (
					"$(inherited)",
					"@executable_path/Frameworks",
				);
				PRODUCT_BUNDLE_IDENTIFIER = com.github.mustafaozhan.Weather;
				PRODUCT_NAME = "$(TARGET_NAME)";
				SWIFT_VERSION = 5.0;
				TARGETED_DEVICE_FAMILY = "1,2";
			};
			name = Release;
		};
/* End XCBuildConfiguration section */

/* Begin XCConfigurationList section */
		5CDFB31A22CA7D0600AA6496 /* Build configuration list for PBXProject "Weather" */ = {
			isa = XCConfigurationList;
			buildConfigurations = (
				5CDFB33422CA7D0900AA6496 /* Debug */,
				5CDFB33522CA7D0900AA6496 /* Release */,
			);
			defaultConfigurationIsVisible = 0;
			defaultConfigurationName = Release;
		};
		5CDFB33622CA7D0900AA6496 /* Build configuration list for PBXNativeTarget "Weather" */ = {
			isa = XCConfigurationList;
			buildConfigurations = (
				5CDFB33722CA7D0900AA6496 /* Debug */,
				5CDFB33822CA7D0900AA6496 /* Release */,
			);
			defaultConfigurationIsVisible = 0;
			defaultConfigurationName = Release;
		};
/* End XCConfigurationList section */

/* Begin XCVersionGroup section */
		5CDFB32622CA7D0600AA6496 /* Weather.xcdatamodeld */ = {
			isa = XCVersionGroup;
			children = (
				5CDFB32722CA7D0600AA6496 /* Weather.xcdatamodel */,
			);
			currentVersion = 5CDFB32722CA7D0600AA6496 /* Weather.xcdatamodel */;
			path = Weather.xcdatamodeld;
			sourceTree = "<group>";
			versionGroupType = wrapper.xcdatamodel;
		};
/* End XCVersionGroup section */
	};
	rootObject = 5CDFB31722CA7D0600AA6496 /* Project object */;
}
